{
  "name": "learn-starter",
  "version": "0.1.0",
  "lockfileVersion": 1,
  "requires": true,
  "dependencies": {
    "@next/env": {
      "version": "13.0.3",
      "resolved": "https://registry.npmmirror.com/@next/env/-/env-13.0.3.tgz",
      "integrity": "sha512-/4WzeG61Ot/PxsghXkSqQJ6UohFfwXoZ3dtsypmR9EBP+OIax9JRq0trq8Z/LCT9Aq4JbihVkaazRWguORjTAw=="
    },
    "@next/swc-android-arm-eabi": {
      "version": "13.0.3",
      "resolved": "https://registry.npmmirror.com/@next/swc-android-arm-eabi/-/swc-android-arm-eabi-13.0.3.tgz",
      "integrity": "sha512-uxfUoj65CdFc1gX2q7GtBX3DhKv9Kn343LMqGNvXyuTpYTGMmIiVY7b9yF8oLWRV0gVKqhZBZifUmoPE8SJU6Q==",
      "optional": true
    },
    "@next/swc-android-arm64": {
      "version": "13.0.3",
      "resolved": "https://registry.npmmirror.com/@next/swc-android-arm64/-/swc-android-arm64-13.0.3.tgz",
      "integrity": "sha512-t2k+WDfg7Cq2z/EnalKGsd/9E5F4Hdo1xu+UzZXYDpKUI9zgE6Bz8ajQb8m8txv3qOaWdKuDa5j5ziq9Acd1Xw==",
      "optional": true
    },
    "@next/swc-darwin-arm64": {
      "version": "13.0.3",
      "resolved": "https://registry.npmmirror.com/@next/swc-darwin-arm64/-/swc-darwin-arm64-13.0.3.tgz",
      "integrity": "sha512-wV6j6SZ1bc/YHOLCLk9JVqaZTCCey6HBV7inl2DriHsHqIcO6F3+QiYf0KXwRP9BE0GSZZrYd5mZQm2JPTHdJA==",
      "optional": true
    },
    "@next/swc-darwin-x64": {
      "version": "13.0.3",
      "resolved": "https://registry.npmmirror.com/@next/swc-darwin-x64/-/swc-darwin-x64-13.0.3.tgz",
      "integrity": "sha512-jaI2CMuYWvUtRixV3AIjUhnxUDU1FKOR+8hADMhYt3Yz+pCKuj4RZ0n0nY5qUf3qT1AtvnJXEgyatSFJhSp/wQ==",
      "optional": true
    },
    "@next/swc-freebsd-x64": {
      "version": "13.0.3",
      "resolved": "https://registry.npmmirror.com/@next/swc-freebsd-x64/-/swc-freebsd-x64-13.0.3.tgz",
      "integrity": "sha512-nbyT0toBTJrcj5TCB9pVnQpGJ3utGyQj4CWegZs1ulaeUQ5Z7CS/qt8nRyYyOKYHtOdSCJ9Nw5F/RgKNkdpOdw==",
      "optional": true
    },
    "@next/swc-linux-arm-gnueabihf": {
      "version": "13.0.3",
      "resolved": "https://registry.npmmirror.com/@next/swc-linux-arm-gnueabihf/-/swc-linux-arm-gnueabihf-13.0.3.tgz",
      "integrity": "sha512-1naLxYvRUQCoFCU1nMkcQueRc0Iux9xBv1L5pzH2ejtIWFg8BrSgyuluJG4nyAhFCx4WG863IEIkAaefOowVdA==",
      "optional": true
    },
    "@next/swc-linux-arm64-gnu": {
      "version": "13.0.3",
      "resolved": "https://registry.npmmirror.com/@next/swc-linux-arm64-gnu/-/swc-linux-arm64-gnu-13.0.3.tgz",
      "integrity": "sha512-3Z4A8JkuGWpMVbUhUPQInK/SLY+kijTT78Q/NZCrhLlyvwrVxaQALJNlXzxDLraUgv4oVH0Wz/FIw1W9PUUhxA==",
      "optional": true
    },
    "@next/swc-linux-arm64-musl": {
      "version": "13.0.3",
      "resolved": "https://registry.npmmirror.com/@next/swc-linux-arm64-musl/-/swc-linux-arm64-musl-13.0.3.tgz",
      "integrity": "sha512-MoYe9SM40UaunTjC+01c9OILLH3uSoeri58kDMu3KF/EFEvn1LZ6ODeDj+SLGlAc95wn46hrRJS2BPmDDE+jFQ==",
      "optional": true
    },
    "@next/swc-linux-x64-gnu": {
      "version": "13.0.3",
      "resolved": "https://registry.npmmirror.com/@next/swc-linux-x64-gnu/-/swc-linux-x64-gnu-13.0.3.tgz",
      "integrity": "sha512-z22T5WGnRanjLMXdF0NaNjSpBlEzzY43t5Ysp3nW1oI6gOkub6WdQNZeHIY7A2JwkgSWZmtjLtf+Fzzz38LHeQ==",
      "optional": true
    },
    "@next/swc-linux-x64-musl": {
      "version": "13.0.3",
      "resolved": "https://registry.npmmirror.com/@next/swc-linux-x64-musl/-/swc-linux-x64-musl-13.0.3.tgz",
      "integrity": "sha512-ZOMT7zjBFmkusAtr47k8xs/oTLsNlTH6xvYb+iux7yly2hZGwhfBLzPGBsbeMZukZ96IphJTagT+C033s6LNVA==",
      "optional": true
    },
    "@next/swc-win32-arm64-msvc": {
      "version": "13.0.3",
      "resolved": "https://registry.npmmirror.com/@next/swc-win32-arm64-msvc/-/swc-win32-arm64-msvc-13.0.3.tgz",
      "integrity": "sha512-Q4BM16Djl+Oah9UdGrvjFYgoftYB2jNd+rtRGPX5Mmxo09Ry/KiLbOZnoUyoIxKc1xPyfqMXuaVsAFQLYs0KEQ==",
      "optional": true
    },
    "@next/swc-win32-ia32-msvc": {
      "version": "13.0.3",
      "resolved": "https://registry.npmmirror.com/@next/swc-win32-ia32-msvc/-/swc-win32-ia32-msvc-13.0.3.tgz",
      "integrity": "sha512-Sa8yGkNeRUsic8Qjf7MLIAfP0p0+einK/wIqJ8UO1y76j+8rRQu42AMs5H4Ax1fm9GEYq6I8njHtY59TVpTtGQ==",
      "optional": true
    },
    "@next/swc-win32-x64-msvc": {
      "version": "13.0.3",
      "resolved": "https://registry.npmmirror.com/@next/swc-win32-x64-msvc/-/swc-win32-x64-msvc-13.0.3.tgz",
      "integrity": "sha512-IAptmSqA7k4tQzaw2NAkoEjj3+Dz9ceuvlEHwYh770MMDL4V0ku2m+UHrmn5HUCEDHhgwwjg2nyf6728q2jr1w==",
      "optional": true
    },
    "@swc/helpers": {
      "version": "0.4.11",
      "resolved": "https://registry.npmmirror.com/@swc/helpers/-/helpers-0.4.11.tgz",
      "integrity": "sha512-rEUrBSGIoSFuYxwBYtlUFMlE2CwGhmW+w9355/5oduSw8e5h2+Tj4UrAGNNgP9915++wj5vkQo0UuOBqOAq4nw==",
      "requires": {
        "tslib": "^2.4.0"
      }
    },
    "@types/unist": {
      "version": "2.0.3",
      "resolved": "https://registry.npm.taobao.org/@types/unist/download/@types/unist-2.0.3.tgz",
      "integrity": "sha1-nAiGeYdvN061mD8VDUeHqm+zLX4="
    },
    "argparse": {
      "version": "1.0.10",
      "resolved": "https://registry.npm.taobao.org/argparse/download/argparse-1.0.10.tgz",
      "integrity": "sha1-vNZ5HqWuCXJeF+WtmIE0zUCz2RE=",
      "requires": {
        "sprintf-js": "~1.0.2"
      }
    },
    "bail": {
      "version": "1.0.5",
      "resolved": "https://registry.npm.taobao.org/bail/download/bail-1.0.5.tgz",
      "integrity": "sha1-tvoTNASjksvB+MS/Y/WVM1Hnp3Y="
    },
    "caniuse-lite": {
      "version": "1.0.30001431",
      "resolved": "https://registry.npmmirror.com/caniuse-lite/-/caniuse-lite-1.0.30001431.tgz",
      "integrity": "sha512-zBUoFU0ZcxpvSt9IU66dXVT/3ctO1cy4y9cscs1szkPlcWb6pasYM144GqrUygUbT+k7cmUCW61cvskjcv0enQ=="
    },
    "ccount": {
      "version": "1.0.5",
      "resolved": "https://registry.npm.taobao.org/ccount/download/ccount-1.0.5.tgz",
      "integrity": "sha1-rIKpRJBaZc4gTrAwIxV+3ylCXBc="
    },
    "character-entities": {
      "version": "1.2.4",
      "resolved": "https://registry.npm.taobao.org/character-entities/download/character-entities-1.2.4.tgz",
      "integrity": "sha1-4Sw5Obfq9OWxXnrUxeKOHUjFsWs="
    },
    "character-entities-html4": {
      "version": "1.1.4",
      "resolved": "https://registry.npm.taobao.org/character-entities-html4/download/character-entities-html4-1.1.4.tgz",
      "integrity": "sha1-DmSwo3U92/H9wETF/QHQGZoC4SU="
    },
    "character-entities-legacy": {
      "version": "1.1.4",
      "resolved": "https://registry.npm.taobao.org/character-entities-legacy/download/character-entities-legacy-1.1.4.tgz",
      "integrity": "sha1-lLwYRdznClu50uzHSHJWYSk9j8E="
    },
    "character-reference-invalid": {
      "version": "1.1.4",
      "resolved": "https://registry.npm.taobao.org/character-reference-invalid/download/character-reference-invalid-1.1.4.tgz?cache=0&sync_timestamp=1579857945251&other_urls=https%3A%2F%2Fregistry.npm.taobao.org%2Fcharacter-reference-invalid%2Fdownload%2Fcharacter-reference-invalid-1.1.4.tgz",
      "integrity": "sha1-CDMpzaDq4nKrPbvzfpo4LBOvFWA="
    },
    "client-only": {
      "version": "0.0.1",
      "resolved": "https://registry.npmmirror.com/client-only/-/client-only-0.0.1.tgz",
      "integrity": "sha512-IV3Ou0jSMzZrd3pZ48nLkT9DA7Ag1pnPzaiQhpW7c3RbcqqzvzzVu+L8gfqMp/8IM2MQtSiqaCxrrcfu8I8rMA=="
    },
    "collapse-white-space": {
      "version": "1.0.6",
      "resolved": "https://registry.npm.taobao.org/collapse-white-space/download/collapse-white-space-1.0.6.tgz",
      "integrity": "sha1-5jYpwAFmZXkgYNu+t5xCI50sUoc="
    },
    "comma-separated-tokens": {
      "version": "1.0.8",
      "resolved": "https://registry.npm.taobao.org/comma-separated-tokens/download/comma-separated-tokens-1.0.8.tgz",
      "integrity": "sha1-YyuAthF4Z6FY8QgK1Jiy++fj9eo="
    },
    "detab": {
      "version": "2.0.3",
      "resolved": "https://registry.npm.taobao.org/detab/download/detab-2.0.3.tgz",
      "integrity": "sha1-M+XddNIwUBvWmYWg0rmjOCaZoTA=",
      "requires": {
        "repeat-string": "^1.5.4"
      }
    },
    "esprima": {
      "version": "4.0.1",
      "resolved": "https://registry.npm.taobao.org/esprima/download/esprima-4.0.1.tgz",
      "integrity": "sha1-E7BM2z5sXRnfkatph6hpVhmwqnE="
    },
    "extend": {
      "version": "3.0.2",
      "resolved": "https://registry.npm.taobao.org/extend/download/extend-3.0.2.tgz",
      "integrity": "sha1-+LETa0Bx+9jrFAr/hYsQGewpFfo="
    },
    "fs": {
      "version": "0.0.1-security",
      "resolved": "https://registry.npm.taobao.org/fs/download/fs-0.0.1-security.tgz",
      "integrity": "sha1-invTcYa23d84E/I4WLV+yq9eQdQ="
    },
    "gray-matter": {
      "version": "4.0.2",
      "resolved": "https://registry.npm.taobao.org/gray-matter/download/gray-matter-4.0.2.tgz",
      "integrity": "sha1-mqN546yvQhGT/OfSoozr1FGKxFQ=",
      "requires": {
        "js-yaml": "^3.11.0",
        "kind-of": "^6.0.2",
        "section-matter": "^1.0.0",
        "strip-bom-string": "^1.0.0"
      }
    },
    "hast-util-is-element": {
      "version": "1.0.4",
      "resolved": "https://registry.npm.taobao.org/hast-util-is-element/download/hast-util-is-element-1.0.4.tgz",
      "integrity": "sha1-BZCQoFzALidd8a0CyvjLQi/NLgI="
    },
    "hast-util-sanitize": {
      "version": "2.0.3",
      "resolved": "https://registry.npm.taobao.org/hast-util-sanitize/download/hast-util-sanitize-2.0.3.tgz",
      "integrity": "sha1-PPSh9a2308Cx+7XcGxkw+rZXSFY=",
      "requires": {
        "xtend": "^4.0.0"
      }
    },
    "hast-util-to-html": {
      "version": "7.1.1",
      "resolved": "https://registry.npm.taobao.org/hast-util-to-html/download/hast-util-to-html-7.1.1.tgz",
      "integrity": "sha1-OYGLi7/LjqqHhGoSCzh1SHsn0JQ=",
      "requires": {
        "ccount": "^1.0.0",
        "comma-separated-tokens": "^1.0.0",
        "hast-util-is-element": "^1.0.0",
        "hast-util-whitespace": "^1.0.0",
        "html-void-elements": "^1.0.0",
        "property-information": "^5.0.0",
        "space-separated-tokens": "^1.0.0",
        "stringify-entities": "^3.0.1",
        "unist-util-is": "^4.0.0",
        "xtend": "^4.0.0"
      }
    },
    "hast-util-whitespace": {
      "version": "1.0.4",
      "resolved": "https://registry.npm.taobao.org/hast-util-whitespace/download/hast-util-whitespace-1.0.4.tgz",
      "integrity": "sha1-5P53xKmuHLLmwl4C3wBD0BZPbkE="
    },
    "html-void-elements": {
      "version": "1.0.5",
      "resolved": "https://registry.npm.taobao.org/html-void-elements/download/html-void-elements-1.0.5.tgz",
      "integrity": "sha1-zpFZSU6G2V5FeVsWbCAhws/KRIM="
    },
    "inherits": {
      "version": "2.0.1",
      "resolved": "https://registry.npm.taobao.org/inherits/download/inherits-2.0.1.tgz",
      "integrity": "sha1-sX0I0ya0Qj5Wjv9xn5GwscvfafE="
    },
    "is-alphabetical": {
      "version": "1.0.4",
      "resolved": "https://registry.npm.taobao.org/is-alphabetical/download/is-alphabetical-1.0.4.tgz",
      "integrity": "sha1-nn1rlJFr4iFTdF0YTCmMv5hqaG0="
    },
    "is-alphanumeric": {
      "version": "1.0.0",
      "resolved": "https://registry.npm.taobao.org/is-alphanumeric/download/is-alphanumeric-1.0.0.tgz",
      "integrity": "sha1-Spzvcdr0wAHB2B1j0UDPU/1oifQ="
    },
    "is-alphanumerical": {
      "version": "1.0.4",
      "resolved": "https://registry.npm.taobao.org/is-alphanumerical/download/is-alphanumerical-1.0.4.tgz",
      "integrity": "sha1-frmiQx+FX2se8aeOMm31FWlsTb8=",
      "requires": {
        "is-alphabetical": "^1.0.0",
        "is-decimal": "^1.0.0"
      }
    },
    "is-decimal": {
      "version": "1.0.4",
      "resolved": "https://registry.npm.taobao.org/is-decimal/download/is-decimal-1.0.4.tgz",
      "integrity": "sha1-ZaOllYocW2OnBuGzM9fNn2MNP6U="
    },
    "is-extendable": {
      "version": "0.1.1",
      "resolved": "https://registry.npm.taobao.org/is-extendable/download/is-extendable-0.1.1.tgz",
      "integrity": "sha1-YrEQ4omkcUGOPsNqYX1HLjAd/Ik="
    },
    "is-hexadecimal": {
      "version": "1.0.4",
      "resolved": "https://registry.npm.taobao.org/is-hexadecimal/download/is-hexadecimal-1.0.4.tgz",
      "integrity": "sha1-zDXJdYjaS9Saju3WvECC1E3LI6c="
    },
    "is-whitespace-character": {
      "version": "1.0.4",
      "resolved": "https://registry.npm.taobao.org/is-whitespace-character/download/is-whitespace-character-1.0.4.tgz",
      "integrity": "sha1-CFjt2UqVWUx8ndC1wXTsbkXuSqc="
    },
    "is-word-character": {
      "version": "1.0.4",
      "resolved": "https://registry.npm.taobao.org/is-word-character/download/is-word-character-1.0.4.tgz",
      "integrity": "sha1-zg5zIW+YWZBgWS9i/zE1TdvrAjA="
    },
    "js-tokens": {
      "version": "4.0.0",
      "resolved": "https://registry.npm.taobao.org/js-tokens/download/js-tokens-4.0.0.tgz?cache=0&sync_timestamp=1586796305651&other_urls=https%3A%2F%2Fregistry.npm.taobao.org%2Fjs-tokens%2Fdownload%2Fjs-tokens-4.0.0.tgz",
      "integrity": "sha1-GSA/tZmR35jjoocFDUZHzerzJJk="
    },
    "js-yaml": {
      "version": "3.14.0",
      "resolved": "https://registry.npm.taobao.org/js-yaml/download/js-yaml-3.14.0.tgz?cache=0&sync_timestamp=1590172281856&other_urls=https%3A%2F%2Fregistry.npm.taobao.org%2Fjs-yaml%2Fdownload%2Fjs-yaml-3.14.0.tgz",
      "integrity": "sha1-p6NBcPJqIbsWJCTYray0ETpp5II=",
      "requires": {
        "argparse": "^1.0.7",
        "esprima": "^4.0.0"
      }
    },
    "kind-of": {
      "version": "6.0.3",
      "resolved": "https://registry.npm.taobao.org/kind-of/download/kind-of-6.0.3.tgz",
      "integrity": "sha1-B8BQNKbDSfoG4k+jWqdttFgM5N0="
    },
    "longest-streak": {
      "version": "2.0.4",
      "resolved": "https://registry.npm.taobao.org/longest-streak/download/longest-streak-2.0.4.tgz",
      "integrity": "sha1-uFmZV9pbXatk3uP+MW+ndFl9kOQ="
    },
    "loose-envify": {
      "version": "1.4.0",
      "resolved": "https://registry.npm.taobao.org/loose-envify/download/loose-envify-1.4.0.tgz",
      "integrity": "sha1-ce5R+nvkyuwaY4OffmgtgTLTDK8=",
      "requires": {
        "js-tokens": "^3.0.0 || ^4.0.0"
      }
    },
    "markdown-escapes": {
      "version": "1.0.4",
      "resolved": "https://registry.npm.taobao.org/markdown-escapes/download/markdown-escapes-1.0.4.tgz",
      "integrity": "sha1-yVQV70UUmddgK5EJXzyOiXX3hTU="
    },
    "markdown-table": {
      "version": "2.0.0",
      "resolved": "https://registry.npm.taobao.org/markdown-table/download/markdown-table-2.0.0.tgz",
      "integrity": "sha1-GUqQztJtMf51PYuUNEMCFMARhls=",
      "requires": {
        "repeat-string": "^1.0.0"
      }
    },
    "mdast-util-compact": {
      "version": "2.0.1",
      "resolved": "https://registry.npm.taobao.org/mdast-util-compact/download/mdast-util-compact-2.0.1.tgz?cache=0&sync_timestamp=1582381719199&other_urls=https%3A%2F%2Fregistry.npm.taobao.org%2Fmdast-util-compact%2Fdownload%2Fmdast-util-compact-2.0.1.tgz",
      "integrity": "sha1-yrxpovQxA2KDJvNbGs9zXVXJlJA=",
      "requires": {
        "unist-util-visit": "^2.0.0"
      }
    },
    "mdast-util-definitions": {
      "version": "2.0.1",
      "resolved": "https://registry.npm.taobao.org/mdast-util-definitions/download/mdast-util-definitions-2.0.1.tgz",
      "integrity": "sha1-LJMdhmWpZnBjnxf5jjLDr8/uJfM=",
      "requires": {
        "unist-util-visit": "^2.0.0"
      }
    },
    "mdast-util-to-hast": {
      "version": "8.2.0",
      "resolved": "https://registry.npm.taobao.org/mdast-util-to-hast/download/mdast-util-to-hast-8.2.0.tgz",
      "integrity": "sha1-rfn4JN7804LlPde6zkKCpFYCrGc=",
      "requires": {
        "collapse-white-space": "^1.0.0",
        "detab": "^2.0.0",
        "mdast-util-definitions": "^2.0.0",
        "mdurl": "^1.0.0",
        "trim-lines": "^1.0.0",
        "unist-builder": "^2.0.0",
        "unist-util-generated": "^1.0.0",
        "unist-util-position": "^3.0.0",
        "unist-util-visit": "^2.0.0"
      }
    },
    "mdurl": {
      "version": "1.0.1",
      "resolved": "https://registry.npm.taobao.org/mdurl/download/mdurl-1.0.1.tgz",
      "integrity": "sha1-/oWy7HWlkDfyrf7BAP1sYBdhFS4="
    },
    "nanoid": {
      "version": "3.3.4",
      "resolved": "https://registry.npmmirror.com/nanoid/-/nanoid-3.3.4.tgz",
      "integrity": "sha512-MqBkQh/OHTS2egovRtLk45wEyNXwF+cokD+1YPf9u5VfJiRdAiRwB2froX5Co9Rh20xs4siNPm8naNotSD6RBw=="
    },
    "next": {
      "version": "13.0.3",
      "resolved": "https://registry.npmmirror.com/next/-/next-13.0.3.tgz",
      "integrity": "sha512-rFQeepcenRxKzeKlh1CsmEnxsJwhIERtbUjmYnKZyDInZsU06lvaGw5DT44rlNp1Rv2MT/e9vffZ8vK+ytwXHA==",
      "requires": {
        "@next/env": "13.0.3",
        "@next/swc-android-arm-eabi": "13.0.3",
        "@next/swc-android-arm64": "13.0.3",
        "@next/swc-darwin-arm64": "13.0.3",
        "@next/swc-darwin-x64": "13.0.3",
        "@next/swc-freebsd-x64": "13.0.3",
        "@next/swc-linux-arm-gnueabihf": "13.0.3",
        "@next/swc-linux-arm64-gnu": "13.0.3",
        "@next/swc-linux-arm64-musl": "13.0.3",
        "@next/swc-linux-x64-gnu": "13.0.3",
        "@next/swc-linux-x64-musl": "13.0.3",
        "@next/swc-win32-arm64-msvc": "13.0.3",
        "@next/swc-win32-ia32-msvc": "13.0.3",
        "@next/swc-win32-x64-msvc": "13.0.3",
        "@swc/helpers": "0.4.11",
        "caniuse-lite": "^1.0.30001406",
        "postcss": "8.4.14",
        "styled-jsx": "5.1.0",
        "use-sync-external-store": "1.2.0"
      }
    },
    "object-assign": {
      "version": "4.1.1",
      "resolved": "https://registry.npm.taobao.org/object-assign/download/object-assign-4.1.1.tgz",
      "integrity": "sha1-IQmtx5ZYh8/AXLvUQsrIv7s2CGM="
    },
    "parse-entities": {
      "version": "2.0.0",
      "resolved": "https://registry.npm.taobao.org/parse-entities/download/parse-entities-2.0.0.tgz",
      "integrity": "sha1-U8brW5MUofTsmfoP33zgHs2gy+g=",
      "requires": {
        "character-entities": "^1.0.0",
        "character-entities-legacy": "^1.0.0",
        "character-reference-invalid": "^1.0.0",
        "is-alphanumerical": "^1.0.0",
        "is-decimal": "^1.0.0",
        "is-hexadecimal": "^1.0.0"
      }
    },
    "picocolors": {
      "version": "1.0.0",
      "resolved": "https://registry.npmmirror.com/picocolors/-/picocolors-1.0.0.tgz",
      "integrity": "sha512-1fygroTLlHu66zi26VoTDv8yRgm0Fccecssto+MhsZ0D/DGW2sm8E8AjW7NU5VVTRt5GxbeZ5qBuJr+HyLYkjQ=="
    },
    "postcss": {
      "version": "8.4.14",
      "resolved": "https://registry.npmmirror.com/postcss/-/postcss-8.4.14.tgz",
      "integrity": "sha512-E398TUmfAYFPBSdzgeieK2Y1+1cpdxJx8yXbK/m57nRhKSmk1GB2tO4lbLBtlkfPQTDKfe4Xqv1ASWPpayPEig==",
      "requires": {
        "nanoid": "^3.3.4",
        "picocolors": "^1.0.0",
        "source-map-js": "^1.0.2"
      }
    },
    "prop-types": {
      "version": "15.7.2",
      "resolved": "https://registry.npm.taobao.org/prop-types/download/prop-types-15.7.2.tgz",
      "integrity": "sha1-UsQedbjIfnK52TYOAga5ncv/psU=",
      "requires": {
        "loose-envify": "^1.4.0",
        "object-assign": "^4.1.1",
        "react-is": "^16.8.1"
      }
    },
    "property-information": {
      "version": "5.5.0",
      "resolved": "https://registry.npm.taobao.org/property-information/download/property-information-5.5.0.tgz",
      "integrity": "sha1-TcB11JMGGoLit9CW9Abgdu2FmUM=",
      "requires": {
        "xtend": "^4.0.0"
      }
    },
    "react": {
      "version": "16.13.1",
      "resolved": "https://registry.npm.taobao.org/react/download/react-16.13.1.tgz?cache=0&sync_timestamp=1592588004153&other_urls=https%3A%2F%2Fregistry.npm.taobao.org%2Freact%2Fdownload%2Freact-16.13.1.tgz",
      "integrity": "sha1-LoGIIvGpdDEiwGPWQQ2FweOv5I4=",
      "requires": {
        "loose-envify": "^1.1.0",
        "object-assign": "^4.1.1",
        "prop-types": "^15.6.2"
      }
    },
    "react-dom": {
      "version": "16.13.1",
      "resolved": "https://registry.npm.taobao.org/react-dom/download/react-dom-16.13.1.tgz",
      "integrity": "sha1-wb03MxoEhsB47lTEdAcgmTsuDn8=",
      "requires": {
        "loose-envify": "^1.1.0",
        "object-assign": "^4.1.1",
        "prop-types": "^15.6.2",
        "scheduler": "^0.19.1"
      }
    },
    "react-is": {
      "version": "16.8.6",
      "resolved": "https://registry.npm.taobao.org/react-is/download/react-is-16.8.6.tgz?cache=0&sync_timestamp=1592589618544&other_urls=https%3A%2F%2Fregistry.npm.taobao.org%2Freact-is%2Fdownload%2Freact-is-16.8.6.tgz",
      "integrity": "sha1-W7weLSkUHJ+9/tRWND/ivEMKahY="
    },
    "remark": {
      "version": "12.0.0",
      "resolved": "https://registry.npm.taobao.org/remark/download/remark-12.0.0.tgz?cache=0&sync_timestamp=1585564173685&other_urls=https%3A%2F%2Fregistry.npm.taobao.org%2Fremark%2Fdownload%2Fremark-12.0.0.tgz",
      "integrity": "sha1-0cFFwHNBySMvk7L4U51W2hWiVIw=",
      "requires": {
        "remark-parse": "^8.0.0",
        "remark-stringify": "^8.0.0",
        "unified": "^9.0.0"
      }
    },
    "remark-html": {
      "version": "11.0.2",
      "resolved": "https://registry.npm.taobao.org/remark-html/download/remark-html-11.0.2.tgz",
      "integrity": "sha1-dvb3yJgcc28By2X4hT2+XC5Ubfo=",
      "requires": {
        "hast-util-sanitize": "^2.0.0",
        "hast-util-to-html": "^7.0.0",
        "mdast-util-to-hast": "^8.2.0",
        "xtend": "^4.0.1"
      }
    },
    "remark-parse": {
      "version": "8.0.2",
      "resolved": "https://registry.npm.taobao.org/remark-parse/download/remark-parse-8.0.2.tgz",
      "integrity": "sha1-WZm8C5wuPtwDiACmT/ED0IkLMYs=",
      "requires": {
        "ccount": "^1.0.0",
        "collapse-white-space": "^1.0.2",
        "is-alphabetical": "^1.0.0",
        "is-decimal": "^1.0.0",
        "is-whitespace-character": "^1.0.0",
        "is-word-character": "^1.0.0",
        "markdown-escapes": "^1.0.0",
        "parse-entities": "^2.0.0",
        "repeat-string": "^1.5.4",
        "state-toggle": "^1.0.0",
        "trim": "0.0.1",
        "trim-trailing-lines": "^1.0.0",
        "unherit": "^1.0.4",
        "unist-util-remove-position": "^2.0.0",
        "vfile-location": "^3.0.0",
        "xtend": "^4.0.1"
      }
    },
    "remark-stringify": {
      "version": "8.1.0",
      "resolved": "https://registry.npm.taobao.org/remark-stringify/download/remark-stringify-8.1.0.tgz",
      "integrity": "sha1-HlVfRALkRcNk+yPRL8X14DN+yLc=",
      "requires": {
        "ccount": "^1.0.0",
        "is-alphanumeric": "^1.0.0",
        "is-decimal": "^1.0.0",
        "is-whitespace-character": "^1.0.0",
        "longest-streak": "^2.0.1",
        "markdown-escapes": "^1.0.0",
        "markdown-table": "^2.0.0",
        "mdast-util-compact": "^2.0.0",
        "parse-entities": "^2.0.0",
        "repeat-string": "^1.5.4",
        "state-toggle": "^1.0.0",
        "stringify-entities": "^3.0.0",
        "unherit": "^1.0.4",
        "xtend": "^4.0.1"
      }
    },
    "repeat-string": {
      "version": "1.6.1",
      "resolved": "https://registry.npm.taobao.org/repeat-string/download/repeat-string-1.6.1.tgz",
      "integrity": "sha1-jcrkcOHIirwtYA//Sndihtp15jc="
    },
    "replace-ext": {
      "version": "1.0.0",
      "resolved": "https://registry.npm.taobao.org/replace-ext/download/replace-ext-1.0.0.tgz",
      "integrity": "sha1-3mMSg3P8v3w8z6TeWkgMRaZ5WOs="
    },
    "scheduler": {
      "version": "0.19.1",
      "resolved": "https://registry.npm.taobao.org/scheduler/download/scheduler-0.19.1.tgz?cache=0&sync_timestamp=1592588008013&other_urls=https%3A%2F%2Fregistry.npm.taobao.org%2Fscheduler%2Fdownload%2Fscheduler-0.19.1.tgz",
      "integrity": "sha1-Tz4u0sGn1laB9MhU+oxaHMtA8ZY=",
      "requires": {
        "loose-envify": "^1.1.0",
        "object-assign": "^4.1.1"
      }
    },
    "section-matter": {
      "version": "1.0.0",
      "resolved": "https://registry.npm.taobao.org/section-matter/download/section-matter-1.0.0.tgz",
      "integrity": "sha1-6QQZU1BngOwB1Z8pKhnHuFC4QWc=",
      "requires": {
        "extend-shallow": "^2.0.1",
        "kind-of": "^6.0.0"
      },
      "dependencies": {
        "extend-shallow": {
          "version": "2.0.1",
          "resolved": "https://registry.npm.taobao.org/extend-shallow/download/extend-shallow-2.0.1.tgz",
          "integrity": "sha1-Ua99YUrZqfYQ6huvu5idaxxWiQ8=",
          "requires": {
            "is-extendable": "^0.1.0"
          }
        }
      }
    },
    "source-map-js": {
      "version": "1.0.2",
      "resolved": "https://registry.npmmirror.com/source-map-js/-/source-map-js-1.0.2.tgz",
      "integrity": "sha512-R0XvVJ9WusLiqTCEiGCmICCMplcCkIwwR11mOSD9CR5u+IXYdiseeEuXCVAjS54zqwkLcPNnmU4OeJ6tUrWhDw=="
    },
    "space-separated-tokens": {
      "version": "1.1.5",
      "resolved": "https://registry.npm.taobao.org/space-separated-tokens/download/space-separated-tokens-1.1.5.tgz",
      "integrity": "sha1-hfMsPRDZaCAH6RdBTdxcJtGqaJk="
    },
    "sprintf-js": {
      "version": "1.0.3",
      "resolved": "https://registry.npm.taobao.org/sprintf-js/download/sprintf-js-1.0.3.tgz",
      "integrity": "sha1-BOaSb2YolTVPPdAVIDYzuFcpfiw="
    },
    "state-toggle": {
      "version": "1.0.3",
      "resolved": "https://registry.npm.taobao.org/state-toggle/download/state-toggle-1.0.3.tgz",
      "integrity": "sha1-4SOxaojhQxObCcaFIiG8mBWRff4="
    },
    "stringify-entities": {
      "version": "3.0.1",
      "resolved": "https://registry.npm.taobao.org/stringify-entities/download/stringify-entities-3.0.1.tgz?cache=0&sync_timestamp=1588829796569&other_urls=https%3A%2F%2Fregistry.npm.taobao.org%2Fstringify-entities%2Fdownload%2Fstringify-entities-3.0.1.tgz",
      "integrity": "sha1-MhVLkShqsIaassB2liI70jttv8A=",
      "requires": {
        "character-entities-html4": "^1.0.0",
        "character-entities-legacy": "^1.0.0",
        "is-alphanumerical": "^1.0.0",
        "is-decimal": "^1.0.2",
        "is-hexadecimal": "^1.0.0"
      }
    },
    "strip-bom-string": {
      "version": "1.0.0",
      "resolved": "https://registry.npm.taobao.org/strip-bom-string/download/strip-bom-string-1.0.0.tgz",
      "integrity": "sha1-5SEekiQ2n7uB1jOi8ABE3IztrZI="
    },
    "styled-jsx": {
      "version": "5.1.0",
      "resolved": "https://registry.npmmirror.com/styled-jsx/-/styled-jsx-5.1.0.tgz",
      "integrity": "sha512-/iHaRJt9U7T+5tp6TRelLnqBqiaIT0HsO0+vgyj8hK2KUk7aejFqRrumqPUlAqDwAj8IbS/1hk3IhBAAK/FCUQ==",
      "requires": {
        "client-only": "0.0.1"
      }
    },
    "trim": {
      "version": "0.0.1",
      "resolved": "https://registry.npm.taobao.org/trim/download/trim-0.0.1.tgz",
      "integrity": "sha1-WFhUf2spB1fulczMZm+1AITEYN0="
    },
    "trim-lines": {
      "version": "1.1.3",
      "resolved": "https://registry.npm.taobao.org/trim-lines/download/trim-lines-1.1.3.tgz",
      "integrity": "sha1-g5UUvoJCj9nn7InjUIGv6Pb5MRU="
    },
    "trim-trailing-lines": {
      "version": "1.1.3",
      "resolved": "https://registry.npm.taobao.org/trim-trailing-lines/download/trim-trailing-lines-1.1.3.tgz",
      "integrity": "sha1-fwc5iB/3Zle3d24Qh0EoAEtiWpQ="
    },
    "trough": {
      "version": "1.0.5",
      "resolved": "https://registry.npm.taobao.org/trough/download/trough-1.0.5.tgz?cache=0&sync_timestamp=1579945531280&other_urls=https%3A%2F%2Fregistry.npm.taobao.org%2Ftrough%2Fdownload%2Ftrough-1.0.5.tgz",
      "integrity": "sha1-uLY5zvrX0LsqvTfUM/+Ck++l9AY="
    },
    "tslib": {
      "version": "2.4.1",
      "resolved": "https://registry.npmmirror.com/tslib/-/tslib-2.4.1.tgz",
      "integrity": "sha512-tGyy4dAjRIEwI7BzsB0lynWgOpfqjUdq91XXAlIWD2OwKBH7oCl/GZG/HT4BOHrTlPMOASlMQ7veyTqpmRcrNA=="
    },
    "unherit": {
      "version": "1.1.3",
      "resolved": "https://registry.npm.taobao.org/unherit/download/unherit-1.1.3.tgz?cache=0&sync_timestamp=1580042964907&other_urls=https%3A%2F%2Fregistry.npm.taobao.org%2Funherit%2Fdownload%2Funherit-1.1.3.tgz",
      "integrity": "sha1-bJtQPytBsmIzDIDpHIYUq9qmnCI=",
      "requires": {
        "inherits": "^2.0.0",
        "xtend": "^4.0.0"
      }
    },
    "unified": {
      "version": "9.0.0",
      "resolved": "https://registry.npm.taobao.org/unified/download/unified-9.0.0.tgz?cache=0&sync_timestamp=1585549370985&other_urls=https%3A%2F%2Fregistry.npm.taobao.org%2Funified%2Fdownload%2Funified-9.0.0.tgz",
      "integrity": "sha1-ErCZ+X7os2eS260T0njuL2lu7R0=",
      "requires": {
        "bail": "^1.0.0",
        "extend": "^3.0.0",
        "is-buffer": "^2.0.0",
        "is-plain-obj": "^2.0.0",
        "trough": "^1.0.0",
        "vfile": "^4.0.0"
      },
      "dependencies": {
        "is-buffer": {
          "version": "2.0.4",
          "resolved": "https://registry.npm.taobao.org/is-buffer/download/is-buffer-2.0.4.tgz?cache=0&sync_timestamp=1588707106955&other_urls=https%3A%2F%2Fregistry.npm.taobao.org%2Fis-buffer%2Fdownload%2Fis-buffer-2.0.4.tgz",
          "integrity": "sha1-PlcvI8hBGlz9lVfISeNmXgspBiM="
        },
        "is-plain-obj": {
          "version": "2.1.0",
          "resolved": "https://registry.npm.taobao.org/is-plain-obj/download/is-plain-obj-2.1.0.tgz",
          "integrity": "sha1-ReQuN/zPH0Dajl927iFRWEDAkoc="
        }
      }
    },
    "unist-builder": {
      "version": "2.0.3",
      "resolved": "https://registry.npm.taobao.org/unist-builder/download/unist-builder-2.0.3.tgz",
      "integrity": "sha1-d2SHEbXYavCULzNDl6M8XpFRZDY="
    },
    "unist-util-generated": {
      "version": "1.1.5",
      "resolved": "https://registry.npm.taobao.org/unist-util-generated/download/unist-util-generated-1.1.5.tgz",
      "integrity": "sha1-HpA+aEZ5Mev66jhtrp6iU2KKzUI="
    },
    "unist-util-is": {
      "version": "4.0.2",
      "resolved": "https://registry.npm.taobao.org/unist-util-is/download/unist-util-is-4.0.2.tgz?cache=0&sync_timestamp=1581962244776&other_urls=https%3A%2F%2Fregistry.npm.taobao.org%2Funist-util-is%2Fdownload%2Funist-util-is-4.0.2.tgz",
      "integrity": "sha1-x9E0EYiqnOWzz/U4lY3piV8Upd4="
    },
    "unist-util-position": {
      "version": "3.1.0",
      "resolved": "https://registry.npm.taobao.org/unist-util-position/download/unist-util-position-3.1.0.tgz",
      "integrity": "sha1-HELuYwH41S9H0U9iu9t5ZXH6LUc="
    },
    "unist-util-remove-position": {
      "version": "2.0.1",
      "resolved": "https://registry.npm.taobao.org/unist-util-remove-position/download/unist-util-remove-position-2.0.1.tgz",
      "integrity": "sha1-XRnKef26cSMBmZsrc1U8qPOzUsw=",
      "requires": {
        "unist-util-visit": "^2.0.0"
      }
    },
    "unist-util-stringify-position": {
      "version": "2.0.3",
      "resolved": "https://registry.npm.taobao.org/unist-util-stringify-position/download/unist-util-stringify-position-2.0.3.tgz",
      "integrity": "sha1-zOO/oc34W6c3XR1bF73Eytqb2do=",
      "requires": {
        "@types/unist": "^2.0.2"
      }
    },
    "unist-util-visit": {
      "version": "2.0.2",
      "resolved": "https://registry.npm.taobao.org/unist-util-visit/download/unist-util-visit-2.0.2.tgz",
      "integrity": "sha1-OEN4KlF949I1e0wZOySvLZNmr7c=",
      "requires": {
        "@types/unist": "^2.0.0",
        "unist-util-is": "^4.0.0",
        "unist-util-visit-parents": "^3.0.0"
      }
    },
    "unist-util-visit-parents": {
      "version": "3.0.2",
      "resolved": "https://registry.npm.taobao.org/unist-util-visit-parents/download/unist-util-visit-parents-3.0.2.tgz",
      "integrity": "sha1-1Adq8wEXOccdLOmdBd431UX0NR0=",
      "requires": {
        "@types/unist": "^2.0.0",
        "unist-util-is": "^4.0.0"
      }
    },
    "use-sync-external-store": {
      "version": "1.2.0",
      "resolved": "https://registry.npmmirror.com/use-sync-external-store/-/use-sync-external-store-1.2.0.tgz",
      "integrity": "sha512-eEgnFxGQ1Ife9bzYs6VLi8/4X6CObHMw9Qr9tPY43iKwsPw8xE8+EFsf/2cFZ5S3esXgpWgtSCtLNS41F+sKPA=="
    },
    "vfile": {
      "version": "4.1.1",
      "resolved": "https://registry.npm.taobao.org/vfile/download/vfile-4.1.1.tgz?cache=0&other_urls=https%3A%2F%2Fregistry.npm.taobao.org%2Fvfile%2Fdownload%2Fvfile-4.1.1.tgz",
      "integrity": "sha1-KC0ozrtgkYOsUXAwAbwYs+Pxfek=",
      "requires": {
        "@types/unist": "^2.0.0",
        "is-buffer": "^2.0.0",
        "replace-ext": "1.0.0",
        "unist-util-stringify-position": "^2.0.0",
        "vfile-message": "^2.0.0"
      },
      "dependencies": {
        "is-buffer": {
          "version": "2.0.4",
          "resolved": "https://registry.npm.taobao.org/is-buffer/download/is-buffer-2.0.4.tgz?cache=0&sync_timestamp=1588707106955&other_urls=https%3A%2F%2Fregistry.npm.taobao.org%2Fis-buffer%2Fdownload%2Fis-buffer-2.0.4.tgz",
          "integrity": "sha1-PlcvI8hBGlz9lVfISeNmXgspBiM="
        }
      }
    },
    "vfile-location": {
      "version": "3.0.1",
      "resolved": "https://registry.npm.taobao.org/vfile-location/download/vfile-location-3.0.1.tgz",
      "integrity": "sha1-14Z3w1Rt4PfNl3VEw2cmZ2TTG7M="
    },
    "vfile-message": {
      "version": "2.0.4",
      "resolved": "https://registry.npm.taobao.org/vfile-message/download/vfile-message-2.0.4.tgz",
      "integrity": "sha1-W0O4gXHUCerlhHfRPyPdQdUsNxo=",
      "requires": {
        "@types/unist": "^2.0.0",
        "unist-util-stringify-position": "^2.0.0"
      }
    },
    "xtend": {
      "version": "4.0.2",
      "resolved": "https://registry.npm.taobao.org/xtend/download/xtend-4.0.2.tgz",
      "integrity": "sha1-u3J3n1+kZRhrH0OPZ0+jR/2121Q="
    }
  }
}
